
Microsoft Visual Studio Solution File, Format Version 12.00
# Visual Studio Version 17
VisualStudioVersion = 17.9.34728.123
MinimumVisualStudioVersion = 10.0.40219.1
Project("{FAE04EC0-301F-11D3-BF4B-00C04F79EFBC}") = "RegistroVentas_Entidades", "RegistroVentas_Entidades\RegistroVentas_Entidades.csproj", "{D44EB157-9459-401E-9E5A-CBEF4DB0E2AA}"
EndProject
Project("{FAE04EC0-301F-11D3-BF4B-00C04F79EFBC}") = "RegistroVentas_Logica", "RegistroVentas_Logica\RegistroVentas_Logica.csproj", "{0FAD7C7C-5A8C-49C4-9F50-D8224ADEAF94}"
EndProject
Project("{FAE04EC0-301F-11D3-BF4B-00C04F79EFBC}") = "RegistroVentas_Web", "RegistroVentas_Web\RegistroVentas_Web.csproj", "{01E59780-4CB7-4C17-B72D-46AFE649A903}"
EndProject
Global
	GlobalSection(SolutionConfigurationPlatforms) = preSolution
		Debug|Any CPU = Debug|Any CPU
		Release|Any CPU = Release|Any CPU
	EndGlobalSection
	GlobalSection(ProjectConfigurationPlatforms) = postSolution
		{D44EB157-9459-401E-9E5A-CBEF4DB0E2AA}.Debug|Any CPU.ActiveCfg = Debug|Any CPU
		{D44EB157-9459-401E-9E5A-CBEF4DB0E2AA}.Debug|Any CPU.Build.0 = Debug|Any CPU
		{D44EB157-9459-401E-9E5A-CBEF4DB0E2AA}.Release|Any CPU.ActiveCfg = Release|Any CPU
		{D44EB157-9459-401E-9E5A-CBEF4DB0E2AA}.Release|Any CPU.Build.0 = Release|Any CPU
		{0FAD7C7C-5A8C-49C4-9F50-D8224ADEAF94}.Debug|Any CPU.ActiveCfg = Debug|Any CPU
		{0FAD7C7C-5A8C-49C4-9F50-D8224ADEAF94}.Debug|Any CPU.Build.0 = Debug|Any CPU
		{0FAD7C7C-5A8C-49C4-9F50-D8224ADEAF94}.Release|Any CPU.ActiveCfg = Release|Any CPU
		{0FAD7C7C-5A8C-49C4-9F50-D8224ADEAF94}.Release|Any CPU.Build.0 = Release|Any CPU
		{01E59780-4CB7-4C17-B72D-46AFE649A903}.Debug|Any CPU.ActiveCfg = Debug|Any CPU
		{01E59780-4CB7-4C17-B72D-46AFE649A903}.Debug|Any CPU.Build.0 = Debug|Any CPU
		{01E59780-4CB7-4C17-B72D-46AFE649A903}.Release|Any CPU.ActiveCfg = Release|Any CPU
		{01E59780-4CB7-4C17-B72D-46AFE649A903}.Release|Any CPU.Build.0 = Release|Any CPU
	EndGlobalSection
	GlobalSection(SolutionProperties) = preSolution
		HideSolutionNode = FALSE
	EndGlobalSection
	GlobalSection(ExtensibilityGlobals) = postSolution
		SolutionGuid = {9FE4B4B7-AEB5-4EFD-9429-85DDDF722834}
	EndGlobalSection
EndGlobal
